PODS:
  - connectivity_plus (0.0.1):
    - Flutter
    - ReachabilitySwift
  - esptouch_smartconfig (0.0.1):
    - Flutter
  - Flutter (1.0.0)
  - permission_handler_apple (9.0.4):
    - Flutter
  - ReachabilitySwift (5.0.0)

DEPENDENCIES:
  - connectivity_plus (from `.symlinks/plugins/connectivity_plus/ios`)
  - esptouch_smartconfig (from `.symlinks/plugins/esptouch_smartconfig/ios`)
  - Flutter (from `Flutter`)
  - permission_handler_apple (from `.symlinks/plugins/permission_handler_apple/ios`)

SPEC REPOS:
  trunk:
    - ReachabilitySwift

EXTERNAL SOURCES:
  connectivity_plus:
    :path: ".symlinks/plugins/connectivity_plus/ios"
  esptouch_smartconfig:
    :path: ".symlinks/plugins/esptouch_smartconfig/ios"
  Flutter:
    :path: Flutter
  permission_handler_apple:
    :path: ".symlinks/plugins/permission_handler_apple/ios"

SPEC CHECKSUMS:
  connectivity_plus: 413a8857dd5d9f1c399a39130850d02fe0feaf7e
  esptouch_smartconfig: 72b35c84f8f62dfc6e70704864e6f210811b78dc
  Flutter: 50d75fe2f02b26cc09d224853bb45737f8b3214a
  permission_handler_apple: 44366e37eaf29454a1e7b1b7d736c2cceaeb17ce
  ReachabilitySwift: 985039c6f7b23a1da463388634119492ff86c825

PODFILE CHECKSUM: c1b1b429dbcf9e64d09232cea00157cbd8f99942

COCOAPODS: 1.11.2
